
Microsoft Visual Studio Solution File, Format Version 12.00
# Visual Studio Version 17
VisualStudioVersion = 17.2.32616.157
MinimumVisualStudioVersion = 10.0.40219.1
Project("{FAE04EC0-301F-11D3-BF4B-00C04F79EFBC}") = "EventsApi", "EventsApi\EventsApi.csproj", "{031CF55A-DF5B-4BC5-A196-36D0DA6AF2E8}"
EndProject
Global
	GlobalSection(SolutionConfigurationPlatforms) = preSolution
		Debug|Any CPU = Debug|Any CPU
		Release|Any CPU = Release|Any CPU
	EndGlobalSection
	GlobalSection(ProjectConfigurationPlatforms) = postSolution
		{031CF55A-DF5B-4BC5-A196-36D0DA6AF2E8}.Debug|Any CPU.ActiveCfg = Debug|Any CPU
		{031CF55A-DF5B-4BC5-A196-36D0DA6AF2E8}.Debug|Any CPU.Build.0 = Debug|Any CPU
		{031CF55A-DF5B-4BC5-A196-36D0DA6AF2E8}.Release|Any CPU.ActiveCfg = Release|Any CPU
		{031CF55A-DF5B-4BC5-A196-36D0DA6AF2E8}.Release|Any CPU.Build.0 = Release|Any CPU
	EndGlobalSection
	GlobalSection(SolutionProperties) = preSolution
		HideSolutionNode = FALSE
	EndGlobalSection
	GlobalSection(ExtensibilityGlobals) = postSolution
		SolutionGuid = {5CEE2AE4-C499-4DD4-8683-4E78EDEE1941}
	EndGlobalSection
EndGlobal
